
Microsoft Visual Studio Solution File, Format Version 12.00
# Visual Studio Version 17
VisualStudioVersion = 17.14.36414.22 d17.14
MinimumVisualStudioVersion = 10.0.40219.1
Project("{FAE04EC0-301F-11D3-BF4B-00C04F79EFBC}") = "DoAnLTWeb", "DoAnLTWeb\DoAnLTWeb.csproj", "{161397E3-0474-4CBD-B98D-4A27270966D9}"
EndProject
Global
	GlobalSection(SolutionConfigurationPlatforms) = preSolution
		Debug|Any CPU = Debug|Any CPU
		Release|Any CPU = Release|Any CPU
	EndGlobalSection
	GlobalSection(ProjectConfigurationPlatforms) = postSolution
		{161397E3-0474-4CBD-B98D-4A27270966D9}.Debug|Any CPU.ActiveCfg = Debug|Any CPU
		{161397E3-0474-4CBD-B98D-4A27270966D9}.Debug|Any CPU.Build.0 = Debug|Any CPU
		{161397E3-0474-4CBD-B98D-4A27270966D9}.Release|Any CPU.ActiveCfg = Release|Any CPU
		{161397E3-0474-4CBD-B98D-4A27270966D9}.Release|Any CPU.Build.0 = Release|Any CPU
	EndGlobalSection
	GlobalSection(SolutionProperties) = preSolution
		HideSolutionNode = FALSE
	EndGlobalSection
	GlobalSection(ExtensibilityGlobals) = postSolution
		SolutionGuid = {56311046-CBAE-460E-A910-C1095DABD727}
	EndGlobalSection
EndGlobal
